{
  "name": "mobx-app",
  "version": "1.0.0",
  "lockfileVersion": 1,
  "requires": true,
  "dependencies": {
    "mobx": {
      "version": "6.0.1",
      "resolved": "https://registry.npmjs.org/mobx/-/mobx-6.0.1.tgz",
      "integrity": "sha512-Pk6uJXZ34yqd661yRmS6z/9avm4FOGXpFpVjnEfiYYOsZXnAxv1fpYjxTCEZ9tuwk0Xe1qnUUlgm+rJtGe0YJA=="
    }
  }
}
